
Microsoft Visual Studio Solution File, Format Version 12.00
# Visual Studio Version 16
VisualStudioVersion = 16.0.31005.135
MinimumVisualStudioVersion = 10.0.40219.1
Project("{2150E333-8FDC-42A3-9474-1A3956D46DE8}") = "00 Common", "00 Common", "{1D4663E4-CFB4-4B4E-A901-9DB4C4EEAA18}"
EndProject
Project("{2150E333-8FDC-42A3-9474-1A3956D46DE8}") = "01 Model", "01 Model", "{486641E8-45D7-41B9-B1C8-8CC37CB89997}"
EndProject
Project("{2150E333-8FDC-42A3-9474-1A3956D46DE8}") = "02 Data", "02 Data", "{CD730EBC-B81E-49B1-B0CC-5E3E43A8877A}"
EndProject
Project("{2150E333-8FDC-42A3-9474-1A3956D46DE8}") = "03 Service", "03 Service", "{5E3EB2A9-E7ED-4615-A27B-37949FBDE045}"
EndProject
Project("{2150E333-8FDC-42A3-9474-1A3956D46DE8}") = "04 Web API", "04 Web API", "{C6950255-78C0-4EF8-A91E-899E0DFCB46F}"
EndProject
Project("{FAE04EC0-301F-11D3-BF4B-00C04F79EFBC}") = "HM.Common", "HM.Common\HM.Common.csproj", "{4FD1A772-A863-4EA5-A7C0-1348ADDC3E4C}"
EndProject
Project("{FAE04EC0-301F-11D3-BF4B-00C04F79EFBC}") = "HM.Model", "HM.Model\HM.Model.csproj", "{3F38AFBD-7880-4756-9CA3-C1FBF8F9AF60}"
EndProject
Project("{FAE04EC0-301F-11D3-BF4B-00C04F79EFBC}") = "HM.Data", "HM.Data\HM.Data.csproj", "{B4059C00-38D5-44CE-A856-38E73C341C4E}"
EndProject
Project("{FAE04EC0-301F-11D3-BF4B-00C04F79EFBC}") = "HM.Context", "HM.Context\HM.Context.csproj", "{02B3E8C9-B287-4058-88E2-8882E985F56D}"
EndProject
Project("{FAE04EC0-301F-11D3-BF4B-00C04F79EFBC}") = "HM.Service", "HM.Service\HM.Service.csproj", "{D8E2DED3-90D1-4915-B51C-C50D7E3628EF}"
EndProject
Project("{FAE04EC0-301F-11D3-BF4B-00C04F79EFBC}") = "API", "API\API.csproj", "{58A271C0-1CFD-4BCA-A5EA-AF0DCB0BF4BF}"
EndProject
Global
	GlobalSection(SolutionConfigurationPlatforms) = preSolution
		Debug|Any CPU = Debug|Any CPU
		Release|Any CPU = Release|Any CPU
	EndGlobalSection
	GlobalSection(ProjectConfigurationPlatforms) = postSolution
		{4FD1A772-A863-4EA5-A7C0-1348ADDC3E4C}.Debug|Any CPU.ActiveCfg = Debug|Any CPU
		{4FD1A772-A863-4EA5-A7C0-1348ADDC3E4C}.Debug|Any CPU.Build.0 = Debug|Any CPU
		{4FD1A772-A863-4EA5-A7C0-1348ADDC3E4C}.Release|Any CPU.ActiveCfg = Release|Any CPU
		{4FD1A772-A863-4EA5-A7C0-1348ADDC3E4C}.Release|Any CPU.Build.0 = Release|Any CPU
		{3F38AFBD-7880-4756-9CA3-C1FBF8F9AF60}.Debug|Any CPU.ActiveCfg = Debug|Any CPU
		{3F38AFBD-7880-4756-9CA3-C1FBF8F9AF60}.Debug|Any CPU.Build.0 = Debug|Any CPU
		{3F38AFBD-7880-4756-9CA3-C1FBF8F9AF60}.Release|Any CPU.ActiveCfg = Release|Any CPU
		{3F38AFBD-7880-4756-9CA3-C1FBF8F9AF60}.Release|Any CPU.Build.0 = Release|Any CPU
		{B4059C00-38D5-44CE-A856-38E73C341C4E}.Debug|Any CPU.ActiveCfg = Debug|Any CPU
		{B4059C00-38D5-44CE-A856-38E73C341C4E}.Debug|Any CPU.Build.0 = Debug|Any CPU
		{B4059C00-38D5-44CE-A856-38E73C341C4E}.Release|Any CPU.ActiveCfg = Release|Any CPU
		{B4059C00-38D5-44CE-A856-38E73C341C4E}.Release|Any CPU.Build.0 = Release|Any CPU
		{02B3E8C9-B287-4058-88E2-8882E985F56D}.Debug|Any CPU.ActiveCfg = Debug|Any CPU
		{02B3E8C9-B287-4058-88E2-8882E985F56D}.Debug|Any CPU.Build.0 = Debug|Any CPU
		{02B3E8C9-B287-4058-88E2-8882E985F56D}.Release|Any CPU.ActiveCfg = Release|Any CPU
		{02B3E8C9-B287-4058-88E2-8882E985F56D}.Release|Any CPU.Build.0 = Release|Any CPU
		{D8E2DED3-90D1-4915-B51C-C50D7E3628EF}.Debug|Any CPU.ActiveCfg = Debug|Any CPU
		{D8E2DED3-90D1-4915-B51C-C50D7E3628EF}.Debug|Any CPU.Build.0 = Debug|Any CPU
		{D8E2DED3-90D1-4915-B51C-C50D7E3628EF}.Release|Any CPU.ActiveCfg = Release|Any CPU
		{D8E2DED3-90D1-4915-B51C-C50D7E3628EF}.Release|Any CPU.Build.0 = Release|Any CPU
		{58A271C0-1CFD-4BCA-A5EA-AF0DCB0BF4BF}.Debug|Any CPU.ActiveCfg = Debug|Any CPU
		{58A271C0-1CFD-4BCA-A5EA-AF0DCB0BF4BF}.Debug|Any CPU.Build.0 = Debug|Any CPU
		{58A271C0-1CFD-4BCA-A5EA-AF0DCB0BF4BF}.Release|Any CPU.ActiveCfg = Release|Any CPU
		{58A271C0-1CFD-4BCA-A5EA-AF0DCB0BF4BF}.Release|Any CPU.Build.0 = Release|Any CPU
	EndGlobalSection
	GlobalSection(SolutionProperties) = preSolution
		HideSolutionNode = FALSE
	EndGlobalSection
	GlobalSection(NestedProjects) = preSolution
		{4FD1A772-A863-4EA5-A7C0-1348ADDC3E4C} = {1D4663E4-CFB4-4B4E-A901-9DB4C4EEAA18}
		{3F38AFBD-7880-4756-9CA3-C1FBF8F9AF60} = {486641E8-45D7-41B9-B1C8-8CC37CB89997}
		{B4059C00-38D5-44CE-A856-38E73C341C4E} = {CD730EBC-B81E-49B1-B0CC-5E3E43A8877A}
		{02B3E8C9-B287-4058-88E2-8882E985F56D} = {CD730EBC-B81E-49B1-B0CC-5E3E43A8877A}
		{D8E2DED3-90D1-4915-B51C-C50D7E3628EF} = {5E3EB2A9-E7ED-4615-A27B-37949FBDE045}
		{58A271C0-1CFD-4BCA-A5EA-AF0DCB0BF4BF} = {C6950255-78C0-4EF8-A91E-899E0DFCB46F}
	EndGlobalSection
	GlobalSection(ExtensibilityGlobals) = postSolution
		SolutionGuid = {B6C7F5F1-C79B-4211-ABC6-169955B8E27F}
	EndGlobalSection
EndGlobal
